
Microsoft Visual Studio Solution File, Format Version 12.00
# Visual Studio Version 17
VisualStudioVersion = 17.6.33815.320
MinimumVisualStudioVersion = 10.0.40219.1
Project("{FAE04EC0-301F-11D3-BF4B-00C04F79EFBC}") = "WeatherWPF", "WeatherWPF\WeatherWPF.csproj", "{FBE839A5-906C-42EE-B8B3-C3A1045C7279}"
EndProject
Global
	GlobalSection(SolutionConfigurationPlatforms) = preSolution
		Debug|Any CPU = Debug|Any CPU
		Release|Any CPU = Release|Any CPU
	EndGlobalSection
	GlobalSection(ProjectConfigurationPlatforms) = postSolution
		{FBE839A5-906C-42EE-B8B3-C3A1045C7279}.Debug|Any CPU.ActiveCfg = Debug|Any CPU
		{FBE839A5-906C-42EE-B8B3-C3A1045C7279}.Debug|Any CPU.Build.0 = Debug|Any CPU
		{FBE839A5-906C-42EE-B8B3-C3A1045C7279}.Release|Any CPU.ActiveCfg = Release|Any CPU
		{FBE839A5-906C-42EE-B8B3-C3A1045C7279}.Release|Any CPU.Build.0 = Release|Any CPU
	EndGlobalSection
	GlobalSection(SolutionProperties) = preSolution
		HideSolutionNode = FALSE
	EndGlobalSection
	GlobalSection(ExtensibilityGlobals) = postSolution
		SolutionGuid = {2F47AEAC-1A03-4160-B790-A9F4B3148DC1}
	EndGlobalSection
EndGlobal
